
Microsoft Visual Studio Solution File, Format Version 12.00
# Visual Studio Version 17
VisualStudioVersion = 17.8.34511.84
MinimumVisualStudioVersion = 10.0.40219.1
Project("{FAE04EC0-301F-11D3-BF4B-00C04F79EFBC}") = "COMP003A.Assignment7", "COMP003A.Assignment7\COMP003A.Assignment7.csproj", "{FA316799-E83B-4AE4-888D-E3803F272BBC}"
EndProject
Global
	GlobalSection(SolutionConfigurationPlatforms) = preSolution
		Debug|Any CPU = Debug|Any CPU
		Release|Any CPU = Release|Any CPU
	EndGlobalSection
	GlobalSection(ProjectConfigurationPlatforms) = postSolution
		{FA316799-E83B-4AE4-888D-E3803F272BBC}.Debug|Any CPU.ActiveCfg = Debug|Any CPU
		{FA316799-E83B-4AE4-888D-E3803F272BBC}.Debug|Any CPU.Build.0 = Debug|Any CPU
		{FA316799-E83B-4AE4-888D-E3803F272BBC}.Release|Any CPU.ActiveCfg = Release|Any CPU
		{FA316799-E83B-4AE4-888D-E3803F272BBC}.Release|Any CPU.Build.0 = Release|Any CPU
	EndGlobalSection
	GlobalSection(SolutionProperties) = preSolution
		HideSolutionNode = FALSE
	EndGlobalSection
	GlobalSection(ExtensibilityGlobals) = postSolution
		SolutionGuid = {0C172907-C9D0-4908-93E8-1D0D56F4799E}
	EndGlobalSection
EndGlobal
